
Microsoft Visual Studio Solution File, Format Version 12.00
# Visual Studio Version 16
VisualStudioVersion = 16.0.29911.84
MinimumVisualStudioVersion = 10.0.40219.1
Project("{FAE04EC0-301F-11D3-BF4B-00C04F79EFBC}") = "AreaCalc.Android", "AreaCalc\AreaCalc.Android\AreaCalc.Android.csproj", "{BA6E3766-0609-4CF1-A39A-060449B6439D}"
EndProject
Project("{FAE04EC0-301F-11D3-BF4B-00C04F79EFBC}") = "AreaCalc", "AreaCalc\AreaCalc\AreaCalc.csproj", "{C5F41BA4-D8CB-4F63-BF75-75658B043705}"
EndProject
Global
	GlobalSection(SolutionConfigurationPlatforms) = preSolution
		Debug|Any CPU = Debug|Any CPU
		Release|Any CPU = Release|Any CPU
	EndGlobalSection
	GlobalSection(ProjectConfigurationPlatforms) = postSolution
		{BA6E3766-0609-4CF1-A39A-060449B6439D}.Debug|Any CPU.ActiveCfg = Debug|Any CPU
		{BA6E3766-0609-4CF1-A39A-060449B6439D}.Debug|Any CPU.Build.0 = Debug|Any CPU
		{BA6E3766-0609-4CF1-A39A-060449B6439D}.Debug|Any CPU.Deploy.0 = Debug|Any CPU
		{BA6E3766-0609-4CF1-A39A-060449B6439D}.Release|Any CPU.ActiveCfg = Release|Any CPU
		{BA6E3766-0609-4CF1-A39A-060449B6439D}.Release|Any CPU.Build.0 = Release|Any CPU
		{BA6E3766-0609-4CF1-A39A-060449B6439D}.Release|Any CPU.Deploy.0 = Release|Any CPU
		{C5F41BA4-D8CB-4F63-BF75-75658B043705}.Debug|Any CPU.ActiveCfg = Debug|Any CPU
		{C5F41BA4-D8CB-4F63-BF75-75658B043705}.Debug|Any CPU.Build.0 = Debug|Any CPU
		{C5F41BA4-D8CB-4F63-BF75-75658B043705}.Release|Any CPU.ActiveCfg = Release|Any CPU
		{C5F41BA4-D8CB-4F63-BF75-75658B043705}.Release|Any CPU.Build.0 = Release|Any CPU
	EndGlobalSection
	GlobalSection(SolutionProperties) = preSolution
		HideSolutionNode = FALSE
	EndGlobalSection
	GlobalSection(ExtensibilityGlobals) = postSolution
		SolutionGuid = {16B1E377-1023-4940-918E-A1F63F9EBCD4}
	EndGlobalSection
EndGlobal
